
Microsoft Visual Studio Solution File, Format Version 12.00
# Visual Studio Version 16
VisualStudioVersion = 25.0.1700.0
MinimumVisualStudioVersion = 10.0.40219.1
Project("{FAE04EC0-301F-11D3-BF4B-00C04F79EFBC}") = "ShopOnline.Web", "ShopOnline.Web\ShopOnline.Web.csproj", "{C1236631-444B-495F-BA6F-15487A14CE6D}"
EndProject
Project("{FAE04EC0-301F-11D3-BF4B-00C04F79EFBC}") = "ShopOnline.Api", "ShopOnline.Api\ShopOnline.Api.csproj", "{F744BD19-51FD-4032-82EF-6D86BB1C7CD4}"
EndProject
Project("{FAE04EC0-301F-11D3-BF4B-00C04F79EFBC}") = "ShopOnline.Models", "ShopOnline.Models\ShopOnline.Models.csproj", "{A02ED0B7-5DE0-44D1-A3CD-BC09CB2E2A9F}"
EndProject
Global
	GlobalSection(SolutionConfigurationPlatforms) = preSolution
		Debug|Any CPU = Debug|Any CPU
		Release|Any CPU = Release|Any CPU
	EndGlobalSection
	GlobalSection(ProjectConfigurationPlatforms) = postSolution
		{C1236631-444B-495F-BA6F-15487A14CE6D}.Debug|Any CPU.ActiveCfg = Debug|Any CPU
		{C1236631-444B-495F-BA6F-15487A14CE6D}.Debug|Any CPU.Build.0 = Debug|Any CPU
		{C1236631-444B-495F-BA6F-15487A14CE6D}.Release|Any CPU.ActiveCfg = Release|Any CPU
		{C1236631-444B-495F-BA6F-15487A14CE6D}.Release|Any CPU.Build.0 = Release|Any CPU
		{F744BD19-51FD-4032-82EF-6D86BB1C7CD4}.Debug|Any CPU.ActiveCfg = Debug|Any CPU
		{F744BD19-51FD-4032-82EF-6D86BB1C7CD4}.Debug|Any CPU.Build.0 = Debug|Any CPU
		{F744BD19-51FD-4032-82EF-6D86BB1C7CD4}.Release|Any CPU.ActiveCfg = Release|Any CPU
		{F744BD19-51FD-4032-82EF-6D86BB1C7CD4}.Release|Any CPU.Build.0 = Release|Any CPU
		{A02ED0B7-5DE0-44D1-A3CD-BC09CB2E2A9F}.Debug|Any CPU.ActiveCfg = Debug|Any CPU
		{A02ED0B7-5DE0-44D1-A3CD-BC09CB2E2A9F}.Debug|Any CPU.Build.0 = Debug|Any CPU
		{A02ED0B7-5DE0-44D1-A3CD-BC09CB2E2A9F}.Release|Any CPU.ActiveCfg = Release|Any CPU
		{A02ED0B7-5DE0-44D1-A3CD-BC09CB2E2A9F}.Release|Any CPU.Build.0 = Release|Any CPU
	EndGlobalSection
	GlobalSection(SolutionProperties) = preSolution
		HideSolutionNode = FALSE
	EndGlobalSection
	GlobalSection(ExtensibilityGlobals) = postSolution
		SolutionGuid = {C1B10E62-DFB2-4F9B-A8D8-C6382B59C2CF}
	EndGlobalSection
EndGlobal
